// !$*UTF8*$!
{
	archiveVersion = 1;
	classes = {
	};
	objectVersion = 48;
	objects = {

/* Begin PBXBuildFile section */
		F208386D20CAC6E5008F204C /* AppDelegate.swift in Sources */ = {isa = PBXBuildFile; fileRef = F208386C20CAC6E5008F204C /* AppDelegate.swift */; };
		F208386F20CAC6E5008F204C /* ViewController.swift in Sources */ = {isa = PBXBuildFile; fileRef = F208386E20CAC6E5008F204C /* ViewController.swift */; };
		F208387220CAC6E5008F204C /* Main.storyboard in Resources */ = {isa = PBXBuildFile; fileRef = F208387020CAC6E5008F204C /* Main.storyboard */; };
		F208387420CAC6E5008F204C /* Assets.xcassets in Resources */ = {isa = PBXBuildFile; fileRef = F208387320CAC6E5008F204C /* Assets.xcassets */; };
		F208387720CAC6E5008F204C /* LaunchScreen.storyboard in Resources */ = {isa = PBXBuildFile; fileRef = F208387520CAC6E5008F204C /* LaunchScreen.storyboard */; };
		F208388220CAC6E5008F204C /* BullsEyeTests.swift in Sources */ = {isa = PBXBuildFile; fileRef = F208388120CAC6E5008F204C /* BullsEyeTests.swift */; };
		F208388D20CAC6E6008F204C /* BullsEyeUITests.swift in Sources */ = {isa = PBXBuildFile; fileRef = F208388C20CAC6E6008F204C /* BullsEyeUITests.swift */; };
/* End PBXBuildFile section */

/* Begin PBXContainerItemProxy section */
		F208387E20CAC6E5008F204C /* PBXContainerItemProxy */ = {
			isa = PBXContainerItemProxy;
			containerPortal = F208386120CAC6E5008F204C /* Project object */;
			proxyType = 1;
			remoteGlobalIDString = F208386820CAC6E5008F204C;
			remoteInfo = BullsEye;
		};
		F208388920CAC6E6008F204C /* PBXContainerItemProxy */ = {
			isa = PBXContainerItemProxy;
			containerPortal = F208386120CAC6E5008F204C /* Project object */;
			proxyType = 1;
			remoteGlobalIDString = F208386820CAC6E5008F204C;
			remoteInfo = BullsEye;
		};
/* End PBXContainerItemProxy section */

/* Begin PBXFileReference section */
		F208386920CAC6E5008F204C /* BullsEye.app */ = {isa = PBXFileReference; explicitFileType = wrapper.application; includeInIndex = 0; path = BullsEye.app; sourceTree = BUILT_PRODUCTS_DIR; };
		F208386C20CAC6E5008F204C /* AppDelegate.swift */ = {isa = PBXFileReference; lastKnownFileType = sourcecode.swift; path = AppDelegate.swift; sourceTree = "<group>"; };
		F208386E20CAC6E5008F204C /* ViewController.swift */ = {isa = PBXFileReference; lastKnownFileType = sourcecode.swift; path = ViewController.swift; sourceTree = "<group>"; };
		F208387120CAC6E5008F204C /* Base */ = {isa = PBXFileReference; lastKnownFileType = file.storyboard; name = Base; path = Base.lproj/Main.storyboard; sourceTree = "<group>"; };
		F208387320CAC6E5008F204C /* Assets.xcassets */ = {isa = PBXFileReference; lastKnownFileType = folder.assetcatalog; path = Assets.xcassets; sourceTree = "<group>"; };
		F208387620CAC6E5008F204C /* Base */ = {isa = PBXFileReference; lastKnownFileType = file.storyboard; name = Base; path = Base.lproj/LaunchScreen.storyboard; sourceTree = "<group>"; };
		F208387820CAC6E5008F204C /* Info.plist */ = {isa = PBXFileReference; lastKnownFileType = text.plist.xml; path = Info.plist; sourceTree = "<group>"; };
		F208387D20CAC6E5008F204C /* BullsEyeTests.xctest */ = {isa = PBXFileReference; explicitFileType = wrapper.cfbundle; includeInIndex = 0; path = BullsEyeTests.xctest; sourceTree = BUILT_PRODUCTS_DIR; };
		F208388120CAC6E5008F204C /* BullsEyeTests.swift */ = {isa = PBXFileReference; lastKnownFileType = sourcecode.swift; path = BullsEyeTests.swift; sourceTree = "<group>"; };
		F208388320CAC6E5008F204C /* Info.plist */ = {isa = PBXFileReference; lastKnownFileType = text.plist.xml; path = Info.plist; sourceTree = "<group>"; };
		F208388820CAC6E6008F204C /* BullsEyeUITests.xctest */ = {isa = PBXFileReference; explicitFileType = wrapper.cfbundle; includeInIndex = 0; path = BullsEyeUITests.xctest; sourceTree = BUILT_PRODUCTS_DIR; };
		F208388C20CAC6E6008F204C /* BullsEyeUITests.swift */ = {isa = PBXFileReference; lastKnownFileType = sourcecode.swift; path = BullsEyeUITests.swift; sourceTree = "<group>"; };
		F208388E20CAC6E6008F204C /* Info.plist */ = {isa = PBXFileReference; lastKnownFileType = text.plist.xml; path = Info.plist; sourceTree = "<group>"; };
/* End PBXFileReference section */

/* Begin PBXFrameworksBuildPhase section */
		F208386620CAC6E5008F204C /* Frameworks */ = {
			isa = PBXFrameworksBuildPhase;
			buildActionMask = 2147483647;
			files = (
			);
			runOnlyForDeploymentPostprocessing = 0;
		};
		F208387A20CAC6E5008F204C /* Frameworks */ = {
			isa = PBXFrameworksBuildPhase;
			buildActionMask = 2147483647;
			files = (
			);
			runOnlyForDeploymentPostprocessing = 0;
		};
		F208388520CAC6E6008F204C /* Frameworks */ = {
			isa = PBXFrameworksBuildPhase;
			buildActionMask = 2147483647;
			files = (
			);
			runOnlyForDeploymentPostprocessing = 0;
		};
/* End PBXFrameworksBuildPhase section */

/* Begin PBXGroup section */
		F208386020CAC6E5008F204C = {
			isa = PBXGroup;
			children = (
				F208386B20CAC6E5008F204C /* BullsEye */,
				F208388020CAC6E5008F204C /* BullsEyeTests */,
				F208388B20CAC6E6008F204C /* BullsEyeUITests */,
				F208386A20CAC6E5008F204C /* Products */,
			);
			sourceTree = "<group>";
		};
		F208386A20CAC6E5008F204C /* Products */ = {
			isa = PBXGroup;
			children = (
				F208386920CAC6E5008F204C /* BullsEye.app */,
				F208387D20CAC6E5008F204C /* BullsEyeTests.xctest */,
				F208388820CAC6E6008F204C /* BullsEyeUITests.xctest */,
			);
			name = Products;
			sourceTree = "<group>";
		};
		F208386B20CAC6E5008F204C /* BullsEye */ = {
			isa = PBXGroup;
			children = (
				F208386C20CAC6E5008F204C /* AppDelegate.swift */,
				F208386E20CAC6E5008F204C /* ViewController.swift */,
				F208387020CAC6E5008F204C /* Main.storyboard */,
				F208387320CAC6E5008F204C /* Assets.xcassets */,
				F208387520CAC6E5008F204C /* LaunchScreen.storyboard */,
				F208387820CAC6E5008F204C /* Info.plist */,
			);
			path = BullsEye;
			sourceTree = "<group>";
		};
		F208388020CAC6E5008F204C /* BullsEyeTests */ = {
			isa = PBXGroup;
			children = (
				F208388120CAC6E5008F204C /* BullsEyeTests.swift */,
				F208388320CAC6E5008F204C /* Info.plist */,
			);
			path = BullsEyeTests;
			sourceTree = "<group>";
		};
		F208388B20CAC6E6008F204C /* BullsEyeUITests */ = {
			isa = PBXGroup;
			children = (
				F208388C20CAC6E6008F204C /* BullsEyeUITests.swift */,
				F208388E20CAC6E6008F204C /* Info.plist */,
			);
			path = BullsEyeUITests;
			sourceTree = "<group>";
		};
/* End PBXGroup section */

/* Begin PBXNativeTarget section */
		F208386820CAC6E5008F204C /* BullsEye */ = {
			isa = PBXNativeTarget;
			buildConfigurationList = F208389120CAC6E6008F204C /* Build configuration list for PBXNativeTarget "BullsEye" */;
			buildPhases = (
				F208386520CAC6E5008F204C /* Sources */,
				F208386620CAC6E5008F204C /* Frameworks */,
				F208386720CAC6E5008F204C /* Resources */,
			);
			buildRules = (
			);
			dependencies = (
			);
			name = BullsEye;
			productName = BullsEye;
			productReference = F208386920CAC6E5008F204C /* BullsEye.app */;
			productType = "com.apple.product-type.application";
		};
		F208387C20CAC6E5008F204C /* BullsEyeTests */ = {
			isa = PBXNativeTarget;
			buildConfigurationList = F208389420CAC6E6008F204C /* Build configuration list for PBXNativeTarget "BullsEyeTests" */;
			buildPhases = (
				F208387920CAC6E5008F204C /* Sources */,
				F208387A20CAC6E5008F204C /* Frameworks */,
				F208387B20CAC6E5008F204C /* Resources */,
			);
			buildRules = (
			);
			dependencies = (
				F208387F20CAC6E5008F204C /* PBXTargetDependency */,
			);
			name = BullsEyeTests;
			productName = BullsEyeTests;
			productReference = F208387D20CAC6E5008F204C /* BullsEyeTests.xctest */;
			productType = "com.apple.product-type.bundle.unit-test";
		};
		F208388720CAC6E6008F204C /* BullsEyeUITests */ = {
			isa = PBXNativeTarget;
			buildConfigurationList = F208389720CAC6E6008F204C /* Build configuration list for PBXNativeTarget "BullsEyeUITests" */;
			buildPhases = (
				F208388420CAC6E6008F204C /* Sources */,
				F208388520CAC6E6008F204C /* Frameworks */,
				F208388620CAC6E6008F204C /* Resources */,
			);
			buildRules = (
			);
			dependencies = (
				F208388A20CAC6E6008F204C /* PBXTargetDependency */,
			);
			name = BullsEyeUITests;
			productName = BullsEyeUITests;
			productReference = F208388820CAC6E6008F204C /* BullsEyeUITests.xctest */;
			productType = "com.apple.product-type.bundle.ui-testing";
		};
/* End PBXNativeTarget section */

/* Begin PBXProject section */
		F208386120CAC6E5008F204C /* Project object */ = {
			isa = PBXProject;
			attributes = {
				LastSwiftUpdateCheck = 0920;
				LastUpgradeCheck = 0920;
				ORGANIZATIONNAME = com.JRApps;
				TargetAttributes = {
					F208386820CAC6E5008F204C = {
						CreatedOnToolsVersion = 9.2;
						ProvisioningStyle = Automatic;
					};
					F208387C20CAC6E5008F204C = {
						CreatedOnToolsVersion = 9.2;
						ProvisioningStyle = Automatic;
						TestTargetID = F208386820CAC6E5008F204C;
					};
					F208388720CAC6E6008F204C = {
						CreatedOnToolsVersion = 9.2;
						ProvisioningStyle = Automatic;
						TestTargetID = F208386820CAC6E5008F204C;
					};
				};
			};
			buildConfigurationList = F208386420CAC6E5008F204C /* Build configuration list for PBXProject "BullsEye" */;
			compatibilityVersion = "Xcode 8.0";
			developmentRegion = en;
			hasScannedForEncodings = 0;
			knownRegions = (
				en,
				Base,
			);
			mainGroup = F208386020CAC6E5008F204C;
			productRefGroup = F208386A20CAC6E5008F204C /* Products */;
			projectDirPath = "";
			projectRoot = "";
			targets = (
				F208386820CAC6E5008F204C /* BullsEye */,
				F208387C20CAC6E5008F204C /* BullsEyeTests */,
				F208388720CAC6E6008F204C /* BullsEyeUITests */,
			);
		};
/* End PBXProject section */

/* Begin PBXResourcesBuildPhase section */
		F208386720CAC6E5008F204C /* Resources */ = {
			isa = PBXResourcesBuildPhase;
			buildActionMask = 2147483647;
			files = (
				F208387720CAC6E5008F204C /* LaunchScreen.storyboard in Resources */,
				F208387420CAC6E5008F204C /* Assets.xcassets in Resources */,
				F208387220CAC6E5008F204C /* Main.storyboard in Resources */,
			);
			runOnlyForDeploymentPostprocessing = 0;
		};
		F208387B20CAC6E5008F204C /* Resources */ = {
			isa = PBXResourcesBuildPhase;
			buildActionMask = 2147483647;
			files = (
			);
			runOnlyForDeploymentPostprocessing = 0;
		};
		F208388620CAC6E6008F204C /* Resources */ = {
			isa = PBXResourcesBuildPhase;
			buildActionMask = 2147483647;
			files = (
			);
			runOnlyForDeploymentPostprocessing = 0;
		};
/* End PBXResourcesBuildPhase section */

/* Begin PBXSourcesBuildPhase section */
		F208386520CAC6E5008F204C /* Sources */ = {
			isa = PBXSourcesBuildPhase;
			buildActionMask = 2147483647;
			files = (
				F208386F20CAC6E5008F204C /* ViewController.swift in Sources */,
				F208386D20CAC6E5008F204C /* AppDelegate.swift in Sources */,
			);
			runOnlyForDeploymentPostprocessing = 0;
		};
		F208387920CAC6E5008F204C /* Sources */ = {
			isa = PBXSourcesBuildPhase;
			buildActionMask = 2147483647;
			files = (
				F208388220CAC6E5008F204C /* BullsEyeTests.swift in Sources */,
			);
			runOnlyForDeploymentPostprocessing = 0;
		};
		F208388420CAC6E6008F204C /* Sources */ = {
			isa = PBXSourcesBuildPhase;
			buildActionMask = 2147483647;
			files = (
				F208388D20CAC6E6008F204C /* BullsEyeUITests.swift in Sources */,
			);
			runOnlyForDeploymentPostprocessing = 0;
		};
/* End PBXSourcesBuildPhase section */

/* Begin PBXTargetDependency section */
		F208387F20CAC6E5008F204C /* PBXTargetDependency */ = {
			isa = PBXTargetDependency;
			target = F208386820CAC6E5008F204C /* BullsEye */;
			targetProxy = F208387E20CAC6E5008F204C /* PBXContainerItemProxy */;
		};
		F208388A20CAC6E6008F204C /* PBXTargetDependency */ = {
			isa = PBXTargetDependency;
			target = F208386820CAC6E5008F204C /* BullsEye */;
			targetProxy = F208388920CAC6E6008F204C /* PBXContainerItemProxy */;
		};
/* End PBXTargetDependency section */

/* Begin PBXVariantGroup section */
		F208387020CAC6E5008F204C /* Main.storyboard */ = {
			isa = PBXVariantGroup;
			children = (
				F208387120CAC6E5008F204C /* Base */,
			);
			name = Main.storyboard;
			sourceTree = "<group>";
		};
		F208387520CAC6E5008F204C /* LaunchScreen.storyboard */ = {
			isa = PBXVariantGroup;
			children = (
				F208387620CAC6E5008F204C /* Base */,
			);
			name = LaunchScreen.storyboard;
			sourceTree = "<group>";
		};
/* End PBXVariantGroup section */

/* Begin XCBuildConfiguration section */
		F208388F20CAC6E6008F204C /* Debug */ = {
			isa = XCBuildConfiguration;
			buildSettings = {
				ALWAYS_SEARCH_USER_PATHS = NO;
				CLANG_ANALYZER_NONNULL = YES;
				CLANG_ANALYZER_NUMBER_OBJECT_CONVERSION = YES_AGGRESSIVE;
				CLANG_CXX_LANGUAGE_STANDARD = "gnu++14";
				CLANG_CXX_LIBRARY = "libc++";
				CLANG_ENABLE_MODULES = YES;
				CLANG_ENABLE_OBJC_ARC = YES;
				CLANG_WARN_BLOCK_CAPTURE_AUTORELEASING = YES;
				CLANG_WARN_BOOL_CONVERSION = YES;
				CLANG_WARN_COMMA = YES;
				CLANG_WARN_CONSTANT_CONVERSION = YES;
				CLANG_WARN_DIRECT_OBJC_ISA_USAGE = YES_ERROR;
				CLANG_WARN_DOCUMENTATION_COMMENTS = YES;
				CLANG_WARN_EMPTY_BODY = YES;
				CLANG_WARN_ENUM_CONVERSION = YES;
				CLANG_WARN_INFINITE_RECURSION = YES;
				CLANG_WARN_INT_CONVERSION = YES;
				CLANG_WARN_NON_LITERAL_NULL_CONVERSION = YES;
				CLANG_WARN_OBJC_LITERAL_CONVERSION = YES;
				CLANG_WARN_OBJC_ROOT_CLASS = YES_ERROR;
				CLANG_WARN_RANGE_LOOP_ANALYSIS = YES;
				CLANG_WARN_STRICT_PROTOTYPES = YES;
				CLANG_WARN_SUSPICIOUS_MOVE = YES;
				CLANG_WARN_UNGUARDED_AVAILABILITY = YES_AGGRESSIVE;
				CLANG_WARN_UNREACHABLE_CODE = YES;
				CLANG_WARN__DUPLICATE_METHOD_MATCH = YES;
				CODE_SIGN_IDENTITY = "iPhone Developer";
				COPY_PHASE_STRIP = NO;
				DEBUG_INFORMATION_FORMAT = dwarf;
				ENABLE_STRICT_OBJC_MSGSEND = YES;
				ENABLE_TESTABILITY = YES;
				GCC_C_LANGUAGE_STANDARD = gnu11;
				GCC_DYNAMIC_NO_PIC = NO;
				GCC_NO_COMMON_BLOCKS = YES;
				GCC_OPTIMIZATION_LEVEL = 0;
				GCC_PREPROCESSOR_DEFINITIONS = (
					"DEBUG=1",
					"$(inherited)",
				);
				GCC_WARN_64_TO_32_BIT_CONVERSION = YES;
				GCC_WARN_ABOUT_RETURN_TYPE = YES_ERROR;
				GCC_WARN_UNDECLARED_SELECTOR = YES;
				GCC_WARN_UNINITIALIZED_AUTOS = YES_AGGRESSIVE;
				GCC_WARN_UNUSED_FUNCTION = YES;
				GCC_WARN_UNUSED_VARIABLE = YES;
				IPHONEOS_DEPLOYMENT_TARGET = 11.2;
				MTL_ENABLE_DEBUG_INFO = YES;
				ONLY_ACTIVE_ARCH = YES;
				SDKROOT = iphoneos;
				SWIFT_ACTIVE_COMPILATION_CONDITIONS = DEBUG;
				SWIFT_OPTIMIZATION_LEVEL = "-Onone";
			};
			name = Debug;
		};
		F208389020CAC6E6008F204C /* Release */ = {
			isa = XCBuildConfiguration;
			buildSettings = {
				ALWAYS_SEARCH_USER_PATHS = NO;
				CLANG_ANALYZER_NONNULL = YES;
				CLANG_ANALYZER_NUMBER_OBJECT_CONVERSION = YES_AGGRESSIVE;
				CLANG_CXX_LANGUAGE_STANDARD = "gnu++14";
				CLANG_CXX_LIBRARY = "libc++";
				CLANG_ENABLE_MODULES = YES;
				CLANG_ENABLE_OBJC_ARC = YES;
				CLANG_WARN_BLOCK_CAPTURE_AUTORELEASING = YES;
				CLANG_WARN_BOOL_CONVERSION = YES;
				CLANG_WARN_COMMA = YES;
				CLANG_WARN_CONSTANT_CONVERSION = YES;
				CLANG_WARN_DIRECT_OBJC_ISA_USAGE = YES_ERROR;
				CLANG_WARN_DOCUMENTATION_COMMENTS = YES;
				CLANG_WARN_EMPTY_BODY = YES;
				CLANG_WARN_ENUM_CONVERSION = YES;
				CLANG_WARN_INFINITE_RECURSION = YES;
				CLANG_WARN_INT_CONVERSION = YES;
				CLANG_WARN_NON_LITERAL_NULL_CONVERSION = YES;
				CLANG_WARN_OBJC_LITERAL_CONVERSION = YES;
				CLANG_WARN_OBJC_ROOT_CLASS = YES_ERROR;
				CLANG_WARN_RANGE_LOOP_ANALYSIS = YES;
				CLANG_WARN_STRICT_PROTOTYPES = YES;
				CLANG_WARN_SUSPICIOUS_MOVE = YES;
				CLANG_WARN_UNGUARDED_AVAILABILITY = YES_AGGRESSIVE;
				CLANG_WARN_UNREACHABLE_CODE = YES;
				CLANG_WARN__DUPLICATE_METHOD_MATCH = YES;
				CODE_SIGN_IDENTITY = "iPhone Developer";
				COPY_PHASE_STRIP = NO;
				DEBUG_INFORMATION_FORMAT = "dwarf-with-dsym";
				ENABLE_NS_ASSERTIONS = NO;
				ENABLE_STRICT_OBJC_MSGSEND = YES;
				GCC_C_LANGUAGE_STANDARD = gnu11;
				GCC_NO_COMMON_BLOCKS = YES;
				GCC_WARN_64_TO_32_BIT_CONVERSION = YES;
				GCC_WARN_ABOUT_RETURN_TYPE = YES_ERROR;
				GCC_WARN_UNDECLARED_SELECTOR = YES;
				GCC_WARN_UNINITIALIZED_AUTOS = YES_AGGRESSIVE;
				GCC_WARN_UNUSED_FUNCTION = YES;
				GCC_WARN_UNUSED_VARIABLE = YES;
				IPHONEOS_DEPLOYMENT_TARGET = 11.2;
				MTL_ENABLE_DEBUG_INFO = NO;
				SDKROOT = iphoneos;
				SWIFT_OPTIMIZATION_LEVEL = "-Owholemodule";
				VALIDATE_PRODUCT = YES;
			};
			name = Release;
		};
		F208389220CAC6E6008F204C /* Debug */ = {
			isa = XCBuildConfiguration;
			buildSettings = {
				ASSETCATALOG_COMPILER_APPICON_NAME = AppIcon;
				CODE_SIGN_STYLE = Automatic;
				DEVELOPMENT_TEAM = 8W3WXR362E;
				INFOPLIST_FILE = BullsEye/Info.plist;
				LD_RUNPATH_SEARCH_PATHS = "$(inherited) @executable_path/Frameworks";
				PRODUCT_BUNDLE_IDENTIFIER = JohnReichel.BullsEye;
				PRODUCT_NAME = "$(TARGET_NAME)";
				SWIFT_VERSION = 4.0;
				TARGETED_DEVICE_FAMILY = "1,2";
			};
			name = Debug;
		};
		F208389320CAC6E6008F204C /* Release */ = {
			isa = XCBuildConfiguration;
			buildSettings = {
				ASSETCATALOG_COMPILER_APPICON_NAME = AppIcon;
				CODE_SIGN_STYLE = Automatic;
				DEVELOPMENT_TEAM = 8W3WXR362E;
				INFOPLIST_FILE = BullsEye/Info.plist;
				LD_RUNPATH_SEARCH_PATHS = "$(inherited) @executable_path/Frameworks";
				PRODUCT_BUNDLE_IDENTIFIER = JohnReichel.BullsEye;
				PRODUCT_NAME = "$(TARGET_NAME)";
				SWIFT_VERSION = 4.0;
				TARGETED_DEVICE_FAMILY = "1,2";
			};
			name = Release;
		};
		F208389520CAC6E6008F204C /* Debug */ = {
			isa = XCBuildConfiguration;
			buildSettings = {
				ALWAYS_EMBED_SWIFT_STANDARD_LIBRARIES = YES;
				BUNDLE_LOADER = "$(TEST_HOST)";
				CODE_SIGN_STYLE = Automatic;
				DEVELOPMENT_TEAM = 8W3WXR362E;
				INFOPLIST_FILE = BullsEyeTests/Info.plist;
				LD_RUNPATH_SEARCH_PATHS = "$(inherited) @executable_path/Frameworks @loader_path/Frameworks";
				PRODUCT_BUNDLE_IDENTIFIER = JohnReichel.BullsEyeTests;
				PRODUCT_NAME = "$(TARGET_NAME)";
				SWIFT_VERSION = 4.0;
				TARGETED_DEVICE_FAMILY = "1,2";
				TEST_HOST = "$(BUILT_PRODUCTS_DIR)/BullsEye.app/BullsEye";
			};
			name = Debug;
		};
		F208389620CAC6E6008F204C /* Release */ = {
			isa = XCBuildConfiguration;
			buildSettings = {
				ALWAYS_EMBED_SWIFT_STANDARD_LIBRARIES = YES;
				BUNDLE_LOADER = "$(TEST_HOST)";
				CODE_SIGN_STYLE = Automatic;
				DEVELOPMENT_TEAM = 8W3WXR362E;
				INFOPLIST_FILE = BullsEyeTests/Info.plist;
				LD_RUNPATH_SEARCH_PATHS = "$(inherited) @executable_path/Frameworks @loader_path/Frameworks";
				PRODUCT_BUNDLE_IDENTIFIER = JohnReichel.BullsEyeTests;
				PRODUCT_NAME = "$(TARGET_NAME)";
				SWIFT_VERSION = 4.0;
				TARGETED_DEVICE_FAMILY = "1,2";
				TEST_HOST = "$(BUILT_PRODUCTS_DIR)/BullsEye.app/BullsEye";
			};
			name = Release;
		};
		F208389820CAC6E6008F204C /* Debug */ = {
			isa = XCBuildConfiguration;
			buildSettings = {
				ALWAYS_EMBED_SWIFT_STANDARD_LIBRARIES = YES;
				CODE_SIGN_STYLE = Automatic;
				DEVELOPMENT_TEAM = 8W3WXR362E;
				INFOPLIST_FILE = BullsEyeUITests/Info.plist;
				LD_RUNPATH_SEARCH_PATHS = "$(inherited) @executable_path/Frameworks @loader_path/Frameworks";
				PRODUCT_BUNDLE_IDENTIFIER = JohnReichel.BullsEyeUITests;
				PRODUCT_NAME = "$(TARGET_NAME)";
				SWIFT_VERSION = 4.0;
				TARGETED_DEVICE_FAMILY = "1,2";
				TEST_TARGET_NAME = BullsEye;
			};
			name = Debug;
		};
		F208389920CAC6E6008F204C /* Release */ = {
			isa = XCBuildConfiguration;
			buildSettings = {
				ALWAYS_EMBED_SWIFT_STANDARD_LIBRARIES = YES;
				CODE_SIGN_STYLE = Automatic;
				DEVELOPMENT_TEAM = 8W3WXR362E;
				INFOPLIST_FILE = BullsEyeUITests/Info.plist;
				LD_RUNPATH_SEARCH_PATHS = "$(inherited) @executable_path/Frameworks @loader_path/Frameworks";
				PRODUCT_BUNDLE_IDENTIFIER = JohnReichel.BullsEyeUITests;
				PRODUCT_NAME = "$(TARGET_NAME)";
				SWIFT_VERSION = 4.0;
				TARGETED_DEVICE_FAMILY = "1,2";
				TEST_TARGET_NAME = BullsEye;
			};
			name = Release;
		};
/* End XCBuildConfiguration section */

/* Begin XCConfigurationList section */
		F208386420CAC6E5008F204C /* Build configuration list for PBXProject "BullsEye" */ = {
			isa = XCConfigurationList;
			buildConfigurations = (
				F208388F20CAC6E6008F204C /* Debug */,
				F208389020CAC6E6008F204C /* Release */,
			);
			defaultConfigurationIsVisible = 0;
			defaultConfigurationName = Release;
		};
		F208389120CAC6E6008F204C /* Build configuration list for PBXNativeTarget "BullsEye" */ = {
			isa = XCConfigurationList;
			buildConfigurations = (
				F208389220CAC6E6008F204C /* Debug */,
				F208389320CAC6E6008F204C /* Release */,
			);
			defaultConfigurationIsVisible = 0;
			defaultConfigurationName = Release;
		};
		F208389420CAC6E6008F204C /* Build configuration list for PBXNativeTarget "BullsEyeTests" */ = {
			isa = XCConfigurationList;
			buildConfigurations = (
				F208389520CAC6E6008F204C /* Debug */,
				F208389620CAC6E6008F204C /* Release */,
			);
			defaultConfigurationIsVisible = 0;
			defaultConfigurationName = Release;
		};
		F208389720CAC6E6008F204C /* Build configuration list for PBXNativeTarget "BullsEyeUITests" */ = {
			isa = XCConfigurationList;
			buildConfigurations = (
				F208389820CAC6E6008F204C /* Debug */,
				F208389920CAC6E6008F204C /* Release */,
			);
			defaultConfigurationIsVisible = 0;
			defaultConfigurationName = Release;
		};
/* End XCConfigurationList section */
	};
	rootObject = F208386120CAC6E5008F204C /* Project object */;
}
